
Microsoft Visual Studio Solution File, Format Version 12.00
# Visual Studio Version 17
VisualStudioVersion = 17.14.36221.1
MinimumVisualStudioVersion = 10.0.40219.1
Project("{FAE04EC0-301F-11D3-BF4B-00C04F79EFBC}") = "RedArbor.Api", "RedArbor.Api\RedArbor.Api.csproj", "{A312C100-7B4E-4852-8308-76A7616C6AC8}"
EndProject
Project("{FAE04EC0-301F-11D3-BF4B-00C04F79EFBC}") = "RedArbor.Domain", "RedArbor.Domain\RedArbor.Domain.csproj", "{1F75A658-AE54-413B-A62F-0D0E412B3D9B}"
EndProject
Project("{FAE04EC0-301F-11D3-BF4B-00C04F79EFBC}") = "RedArbor.Application", "RedArbor.Application\RedArbor.Application.csproj", "{C1F7D81F-DB94-4CDF-83C1-61ED40EF26A1}"
EndProject
Project("{FAE04EC0-301F-11D3-BF4B-00C04F79EFBC}") = "RedArbor.Infrastructure", "RedArbor.Infrastructure\RedArbor.Infrastructure.csproj", "{5B2FCB71-A9E2-40F5-AFD7-AF801A1C7457}"
EndProject
Global
	GlobalSection(SolutionConfigurationPlatforms) = preSolution
		Debug|Any CPU = Debug|Any CPU
		Release|Any CPU = Release|Any CPU
	EndGlobalSection
	GlobalSection(ProjectConfigurationPlatforms) = postSolution
		{A312C100-7B4E-4852-8308-76A7616C6AC8}.Debug|Any CPU.ActiveCfg = Debug|Any CPU
		{A312C100-7B4E-4852-8308-76A7616C6AC8}.Debug|Any CPU.Build.0 = Debug|Any CPU
		{A312C100-7B4E-4852-8308-76A7616C6AC8}.Release|Any CPU.ActiveCfg = Release|Any CPU
		{A312C100-7B4E-4852-8308-76A7616C6AC8}.Release|Any CPU.Build.0 = Release|Any CPU
		{1F75A658-AE54-413B-A62F-0D0E412B3D9B}.Debug|Any CPU.ActiveCfg = Debug|Any CPU
		{1F75A658-AE54-413B-A62F-0D0E412B3D9B}.Debug|Any CPU.Build.0 = Debug|Any CPU
		{1F75A658-AE54-413B-A62F-0D0E412B3D9B}.Release|Any CPU.ActiveCfg = Release|Any CPU
		{1F75A658-AE54-413B-A62F-0D0E412B3D9B}.Release|Any CPU.Build.0 = Release|Any CPU
		{C1F7D81F-DB94-4CDF-83C1-61ED40EF26A1}.Debug|Any CPU.ActiveCfg = Debug|Any CPU
		{C1F7D81F-DB94-4CDF-83C1-61ED40EF26A1}.Debug|Any CPU.Build.0 = Debug|Any CPU
		{C1F7D81F-DB94-4CDF-83C1-61ED40EF26A1}.Release|Any CPU.ActiveCfg = Release|Any CPU
		{C1F7D81F-DB94-4CDF-83C1-61ED40EF26A1}.Release|Any CPU.Build.0 = Release|Any CPU
		{5B2FCB71-A9E2-40F5-AFD7-AF801A1C7457}.Debug|Any CPU.ActiveCfg = Debug|Any CPU
		{5B2FCB71-A9E2-40F5-AFD7-AF801A1C7457}.Debug|Any CPU.Build.0 = Debug|Any CPU
		{5B2FCB71-A9E2-40F5-AFD7-AF801A1C7457}.Release|Any CPU.ActiveCfg = Release|Any CPU
		{5B2FCB71-A9E2-40F5-AFD7-AF801A1C7457}.Release|Any CPU.Build.0 = Release|Any CPU
	EndGlobalSection
	GlobalSection(SolutionProperties) = preSolution
		HideSolutionNode = FALSE
	EndGlobalSection
	GlobalSection(ExtensibilityGlobals) = postSolution
		SolutionGuid = {2899D8A1-B87B-421D-80D7-CC6FBC014B5E}
	EndGlobalSection
EndGlobal
